
Microsoft Visual Studio Solution File, Format Version 12.00
Project("{2150E333-8FDC-42A3-9474-1A3956D46DE8}") = "src", "src", "{A5DDAC88-3B8F-4674-8E0C-F8A50A52ACD3}"
EndProject
Project("{2150E333-8FDC-42A3-9474-1A3956D46DE8}") = "common", "common", "{763BFE0A-AFCF-4440-931D-52F4F1FD5DD0}"
	ProjectSection(SolutionItems) = preProject
		Directory.Build.props = Directory.Build.props
        Directory.Packages.props = Directory.Packages.props
        .gitignore = .gitignore
        .editorconfig = .editorconfig
        docker-compose.yaml = docker-compose.yaml
        Dockerfile = Dockerfile
        .dockerignore = .dockerignore
        README.md = README.md
	EndProjectSection
EndProject
Project("{2150E333-8FDC-42A3-9474-1A3956D46DE8}") = "Presentation", "Presentation", "{683CE8ED-DAEA-4EAB-B1B4-FF5098763CFF}"
EndProject
Project("{FAE04EC0-301F-11D3-BF4B-00C04F79EFBC}") = "Itmo.Bebriki.Gateway", "src\Itmo.Bebriki.Gateway\Itmo.Bebriki.Gateway.csproj", "{AE85F8D2-4986-40AE-A92C-683CE1DB59BC}"
EndProject
Project("{FAE04EC0-301F-11D3-BF4B-00C04F79EFBC}") = "Itmo.Bebriki.Gateway.Presentation.Http", "src\Presentation\Itmo.Bebriki.Gateway.Presentation.Http\Itmo.Bebriki.Gateway.Presentation.Http.csproj", "{AE079871-926E-427E-9F16-8FFD3C6B6CC2}"
EndProject
Global
	GlobalSection(SolutionConfigurationPlatforms) = preSolution
		Debug|Any CPU = Debug|Any CPU
		Release|Any CPU = Release|Any CPU
	EndGlobalSection
	GlobalSection(NestedProjects) = preSolution
		{683CE8ED-DAEA-4EAB-B1B4-FF5098763CFF} = {A5DDAC88-3B8F-4674-8E0C-F8A50A52ACD3}
		{AE85F8D2-4986-40AE-A92C-683CE1DB59BC} = {A5DDAC88-3B8F-4674-8E0C-F8A50A52ACD3}
		{AE079871-926E-427E-9F16-8FFD3C6B6CC2} = {683CE8ED-DAEA-4EAB-B1B4-FF5098763CFF}
	EndGlobalSection
	GlobalSection(ProjectConfigurationPlatforms) = postSolution
		{AE85F8D2-4986-40AE-A92C-683CE1DB59BC}.Debug|Any CPU.ActiveCfg = Debug|Any CPU
		{AE85F8D2-4986-40AE-A92C-683CE1DB59BC}.Debug|Any CPU.Build.0 = Debug|Any CPU
		{AE85F8D2-4986-40AE-A92C-683CE1DB59BC}.Release|Any CPU.ActiveCfg = Release|Any CPU
		{AE85F8D2-4986-40AE-A92C-683CE1DB59BC}.Release|Any CPU.Build.0 = Release|Any CPU
		{AE079871-926E-427E-9F16-8FFD3C6B6CC2}.Debug|Any CPU.ActiveCfg = Debug|Any CPU
		{AE079871-926E-427E-9F16-8FFD3C6B6CC2}.Debug|Any CPU.Build.0 = Debug|Any CPU
		{AE079871-926E-427E-9F16-8FFD3C6B6CC2}.Release|Any CPU.ActiveCfg = Release|Any CPU
		{AE079871-926E-427E-9F16-8FFD3C6B6CC2}.Release|Any CPU.Build.0 = Release|Any CPU
	EndGlobalSection
EndGlobal
